
Microsoft Visual Studio Solution File, Format Version 12.00
# Visual Studio Version 17
VisualStudioVersion = 17.2.32630.192
MinimumVisualStudioVersion = 10.0.40219.1
Project("{FAE04EC0-301F-11D3-BF4B-00C04F79EFBC}") = "FuckBaiduNetdisk", "FuckBaiduNetdisk\FuckBaiduNetdisk.csproj", "{F5DDF3B0-9D80-4943-9534-A107B52D64BF}"
EndProject
Global
	GlobalSection(SolutionConfigurationPlatforms) = preSolution
		Debug|Any CPU = Debug|Any CPU
		Release|Any CPU = Release|Any CPU
	EndGlobalSection
	GlobalSection(ProjectConfigurationPlatforms) = postSolution
		{F5DDF3B0-9D80-4943-9534-A107B52D64BF}.Debug|Any CPU.ActiveCfg = Debug|Any CPU
		{F5DDF3B0-9D80-4943-9534-A107B52D64BF}.Debug|Any CPU.Build.0 = Debug|Any CPU
		{F5DDF3B0-9D80-4943-9534-A107B52D64BF}.Release|Any CPU.ActiveCfg = Release|Any CPU
		{F5DDF3B0-9D80-4943-9534-A107B52D64BF}.Release|Any CPU.Build.0 = Release|Any CPU
	EndGlobalSection
	GlobalSection(SolutionProperties) = preSolution
		HideSolutionNode = FALSE
	EndGlobalSection
	GlobalSection(ExtensibilityGlobals) = postSolution
		SolutionGuid = {295E1EEB-E9B4-46A2-96ED-E067C0B2DEAD}
	EndGlobalSection
EndGlobal
